
Microsoft Visual Studio Solution File, Format Version 12.00
# Visual Studio 2012
Project("{2150E333-8FDC-42A3-9474-1A3956D46DE8}") = "WCF", "WCF", "{B0D29852-AB96-4338-903C-1154956C6C24}"
EndProject
Project("{FAE04EC0-301F-11D3-BF4B-00C04F79EFBC}") = "CW.Sample.WCF", "..\WCF\CW.Sample.WCF\CW.Sample.WCF.csproj", "{D51A485C-2F05-4DB3-B421-79627038E4C1}"
EndProject
Project("{2150E333-8FDC-42A3-9474-1A3956D46DE8}") = "SignalR", "SignalR", "{9663BC31-0183-41CC-9CE6-9EF534D35183}"
EndProject
Project("{FAE04EC0-301F-11D3-BF4B-00C04F79EFBC}") = "CW.Sample.SignalR", "..\SignalR\CW.Sample.SignalR\CW.Sample.SignalR.csproj", "{E664DD8D-9106-4249-9153-D7133DE8D5E0}"
EndProject
Global
	GlobalSection(SolutionConfigurationPlatforms) = preSolution
		Debug|Any CPU = Debug|Any CPU
		Release|Any CPU = Release|Any CPU
	EndGlobalSection
	GlobalSection(ProjectConfigurationPlatforms) = postSolution
		{D51A485C-2F05-4DB3-B421-79627038E4C1}.Debug|Any CPU.ActiveCfg = Debug|Any CPU
		{D51A485C-2F05-4DB3-B421-79627038E4C1}.Debug|Any CPU.Build.0 = Debug|Any CPU
		{D51A485C-2F05-4DB3-B421-79627038E4C1}.Release|Any CPU.ActiveCfg = Release|Any CPU
		{D51A485C-2F05-4DB3-B421-79627038E4C1}.Release|Any CPU.Build.0 = Release|Any CPU
		{E664DD8D-9106-4249-9153-D7133DE8D5E0}.Debug|Any CPU.ActiveCfg = Debug|Any CPU
		{E664DD8D-9106-4249-9153-D7133DE8D5E0}.Debug|Any CPU.Build.0 = Debug|Any CPU
		{E664DD8D-9106-4249-9153-D7133DE8D5E0}.Release|Any CPU.ActiveCfg = Release|Any CPU
		{E664DD8D-9106-4249-9153-D7133DE8D5E0}.Release|Any CPU.Build.0 = Release|Any CPU
	EndGlobalSection
	GlobalSection(SolutionProperties) = preSolution
		HideSolutionNode = FALSE
	EndGlobalSection
	GlobalSection(NestedProjects) = preSolution
		{D51A485C-2F05-4DB3-B421-79627038E4C1} = {B0D29852-AB96-4338-903C-1154956C6C24}
		{E664DD8D-9106-4249-9153-D7133DE8D5E0} = {9663BC31-0183-41CC-9CE6-9EF534D35183}
	EndGlobalSection
EndGlobal
